Album: ᴀsᴘᴇᴄᴛ/ᴄʟᴏᴄᴋ
Directory: aspect-clock
Artists:
- dbnet18
Date: June 12, 2018
Date Added: April 13, 2023
Additional Names:
- Aspect/Clock (normalized)
URLs:
- https://actomega.bandcamp.com/album/s
- https://soundcloud.com/user-201967720/sets/aspectclock
Color: '#9353b6'
Cover Artists:
- neomints
- groeuf
Banner Artists:
- Act Omega
- Niklink (edits for wiki)
Banner Dimensions: 1100x138
Cover Art File Extension: png
Banner File Extension: png
Groups:
- Fandom
Art Tags:
- John
- Rose
- Dave
- Jade
- Roxy
- Dirk
- Jake
- Sollux
- Karkat
- Terezi
- Gamzee
- Feferi
Commentary: |-
    <i>dbnet18:</i>
    The Act Omega album about the aspects

    a solo album featuring homestuck remixes by dbnet18
---
Track: The Clock Ticks On
Duration: '00:24'
URLs:
- https://actomega.bandcamp.com/track/the-clock-ticks-on
- https://soundcloud.com/user-201967720/the-clock-ticks-on
Referenced Tracks:
- Sburban Jungle
---
Track: Savior in a Blue Suit
Duration: '02:12'
URLs:
- https://actomega.bandcamp.com/track/savior-in-a-blue-suit
- https://soundcloud.com/user-201967720/savior-in-a-blue-suit
Referenced Tracks:
- Doctor
- Penumbra Phantasm
---
Track: Caretakers
Directory: caretakers-aspect-clock
Always Reference By Directory: true
Duration: '02:15'
URLs:
- https://actomega.bandcamp.com/track/caretakers
- https://soundcloud.com/user-201967720/caretakers
Referenced Tracks:
- Keepers
---
Track: Seer From The Depths
Duration: '02:39'
URLs:
- https://actomega.bandcamp.com/track/seer-from-the-depths
- https://soundcloud.com/user-201967720/seer-from-the-depths
Referenced Tracks:
- Black Rose / Green Sun
- Sburban Jungle
- Crystalanthemums
---
Track: Universe Breaker
Duration: '01:28'
URLs:
- https://actomega.bandcamp.com/track/universe-breaker
- https://soundcloud.com/user-201967720/universe-breaker
Referenced Tracks:
- Sunsetter
---
Track: Hearts Asunder
Duration: '02:44'
URLs:
- https://actomega.bandcamp.com/track/hearts-asunder
- https://soundcloud.com/user-201967720/hearts-asunder
Referenced Tracks:
- Austin, Atlantis
---
Track: Ringleader
Directory: ringleader-aspect-clock
Duration: '02:16'
URLs:
- https://actomega.bandcamp.com/track/ringleader
- https://soundcloud.com/user-201967720/ringleader
Referenced Tracks:
- The Carnival
---
Track: Intermission
Directory: intermission-aspect-clock
Duration: '02:03'
URLs:
- https://actomega.bandcamp.com/track/intermission
- https://soundcloud.com/user-201967720/intermission
Referenced Tracks:
- The Lost Child
Sampled Tracks:
- Typheus
---
Track: Bloody Beatdown
Duration: '02:06'
URLs:
- https://actomega.bandcamp.com/track/bloody-beatdown
- https://soundcloud.com/user-201967720/bloody-beatdown
Referenced Tracks:
- WSW-Beatdown
- Showdown
---
Track: One La2t Prophecy
Additional Names:
- One Last Prophecy (quirk-free)
Duration: '03:30'
URLs:
- https://actomega.bandcamp.com/track/one-la2t-prophecy
- https://soundcloud.com/user-201967720/one-la2t-prophecy
Referenced Tracks:
- The La2t Frontiier
- The Blind Prophet
---
Track: Calabaza Palooza
Duration: '01:56'
URLs:
- https://actomega.bandcamp.com/track/calabaza-palooza
- https://soundcloud.com/user-201967720/calabaza-palooza
Referenced Tracks:
- Pumpkin Party in Sea Hitler's Water Apocalypse
---
Track: Umbral Union
Duration: '03:51'
URLs:
- https://actomega.bandcamp.com/track/umbral-union
- https://soundcloud.com/user-201967720/umbral-union
Referenced Tracks:
- Umbral Ultimatum
Sampled Tracks:
- Typheus
---
Track: Seer With The Scales
Duration: '01:30'
URLs:
- https://actomega.bandcamp.com/track/seer-with-the-scales
- https://soundcloud.com/user-201967720/seer-with-the-scales
Referenced Tracks:
- Terezi's Theme
- The Lemonsnout Turnabout
---
Track: Moment of Valiance
Duration: '03:31'
URLs:
- https://actomega.bandcamp.com/track/moment-of-valiance
- https://soundcloud.com/user-201967720/moment-of-valiance
Referenced Tracks:
- Endless Climb
- A Taste for Adventure
---
Track: Penumbra Phantasm
Directory: penumbra-phantasm-aspect-clock
Always Reference By Directory: true
Duration: '04:13'
URLs:
- https://actomega.bandcamp.com/track/penumbra-phantasm
- https://soundcloud.com/user-201967720/penumbra-phantasm
Referenced Tracks:
- Penumbra Phantasm
---
Track: A Final Tick
Duration: '00:20'
URLs:
- https://actomega.bandcamp.com/track/a-final-tick
- https://soundcloud.com/user-201967720/a-final-tick
Referenced Tracks:
- The Clock Ticks On
